
Microsoft Visual Studio Solution File, Format Version 12.00
# Visual Studio 14
VisualStudioVersion = 14.0.25420.1
MinimumVisualStudioVersion = 10.0.40219.1
Project("{FAE04EC0-301F-11D3-BF4B-00C04F79EFBC}") = "SLB.USSP.WEB.API", "SLB.USSP.WEB.API\SLB.USSP.WEB.API.csproj", "{AC0F33B6-923D-4CA3-9009-DE764C4D3F10}"
EndProject
Project("{FAE04EC0-301F-11D3-BF4B-00C04F79EFBC}") = "SLB.USSP.Logger", "SLB.USSP.Logger\SLB.USSP.Logger.csproj", "{995B44DA-427D-4384-8C1A-F6CD6A25B700}"
EndProject
Project("{FAE04EC0-301F-11D3-BF4B-00C04F79EFBC}") = "SLB.USSP.Entities", "SLB.USSP.Entities\SLB.USSP.Entities.csproj", "{11B015DD-5615-4834-857E-1372208291F2}"
EndProject
Project("{FAE04EC0-301F-11D3-BF4B-00C04F79EFBC}") = "SLB.USSP.Core", "SLB.USSP.Core\SLB.USSP.Core.csproj", "{110050A2-791D-49B9-86E9-66FC4084C6E8}"
EndProject
Project("{FAE04EC0-301F-11D3-BF4B-00C04F79EFBC}") = "SLB.USSP.Service", "SLB.USSP.Service\SLB.USSP.Service.csproj", "{593B7574-3EAD-4814-BA47-4500D0D44304}"
EndProject
Project("{8BB2217D-0F2D-49D1-97BC-3654ED321F3B}") = "SLB.USSP.Web", "SLB.USSP.Web\SLB.USSP.Web.xproj", "{C169AC21-5A39-4590-8646-26F42EC1F70C}"
EndProject
Project("{8BB2217D-0F2D-49D1-97BC-3654ED321F3B}") = "SLB.USSP.Web2", "SLB.USSP.Web2\SLB.USSP.Web2.xproj", "{7F20A17C-6216-44FD-A8D6-604D8E9D1571}"
EndProject
Project("{8BB2217D-0F2D-49D1-97BC-3654ED321F3B}") = "SLB.USSP.Web.Main", "SLB.USSP.Web.Main\SLB.USSP.Web.Main.xproj", "{E5DCB870-1A41-48C1-BD96-69AD641383C3}"
EndProject
Project("{FAE04EC0-301F-11D3-BF4B-00C04F79EFBC}") = "WebApplication2", "WebApplication2\WebApplication2.csproj", "{F998553A-33AA-4E56-8D27-A38F0E03B45A}"
EndProject
Global
	GlobalSection(SolutionConfigurationPlatforms) = preSolution
		Debug|Any CPU = Debug|Any CPU
		Release|Any CPU = Release|Any CPU
	EndGlobalSection
	GlobalSection(ProjectConfigurationPlatforms) = postSolution
		{AC0F33B6-923D-4CA3-9009-DE764C4D3F10}.Debug|Any CPU.ActiveCfg = Debug|Any CPU
		{AC0F33B6-923D-4CA3-9009-DE764C4D3F10}.Debug|Any CPU.Build.0 = Debug|Any CPU
		{AC0F33B6-923D-4CA3-9009-DE764C4D3F10}.Release|Any CPU.ActiveCfg = Release|Any CPU
		{AC0F33B6-923D-4CA3-9009-DE764C4D3F10}.Release|Any CPU.Build.0 = Release|Any CPU
		{995B44DA-427D-4384-8C1A-F6CD6A25B700}.Debug|Any CPU.ActiveCfg = Debug|Any CPU
		{995B44DA-427D-4384-8C1A-F6CD6A25B700}.Debug|Any CPU.Build.0 = Debug|Any CPU
		{995B44DA-427D-4384-8C1A-F6CD6A25B700}.Release|Any CPU.ActiveCfg = Release|Any CPU
		{995B44DA-427D-4384-8C1A-F6CD6A25B700}.Release|Any CPU.Build.0 = Release|Any CPU
		{11B015DD-5615-4834-857E-1372208291F2}.Debug|Any CPU.ActiveCfg = Debug|Any CPU
		{11B015DD-5615-4834-857E-1372208291F2}.Debug|Any CPU.Build.0 = Debug|Any CPU
		{11B015DD-5615-4834-857E-1372208291F2}.Release|Any CPU.ActiveCfg = Release|Any CPU
		{11B015DD-5615-4834-857E-1372208291F2}.Release|Any CPU.Build.0 = Release|Any CPU
		{110050A2-791D-49B9-86E9-66FC4084C6E8}.Debug|Any CPU.ActiveCfg = Debug|Any CPU
		{110050A2-791D-49B9-86E9-66FC4084C6E8}.Debug|Any CPU.Build.0 = Debug|Any CPU
		{110050A2-791D-49B9-86E9-66FC4084C6E8}.Release|Any CPU.ActiveCfg = Release|Any CPU
		{110050A2-791D-49B9-86E9-66FC4084C6E8}.Release|Any CPU.Build.0 = Release|Any CPU
		{593B7574-3EAD-4814-BA47-4500D0D44304}.Debug|Any CPU.ActiveCfg = Debug|Any CPU
		{593B7574-3EAD-4814-BA47-4500D0D44304}.Debug|Any CPU.Build.0 = Debug|Any CPU
		{593B7574-3EAD-4814-BA47-4500D0D44304}.Release|Any CPU.ActiveCfg = Release|Any CPU
		{593B7574-3EAD-4814-BA47-4500D0D44304}.Release|Any CPU.Build.0 = Release|Any CPU
		{C169AC21-5A39-4590-8646-26F42EC1F70C}.Debug|Any CPU.ActiveCfg = Debug|Any CPU
		{C169AC21-5A39-4590-8646-26F42EC1F70C}.Debug|Any CPU.Build.0 = Debug|Any CPU
		{C169AC21-5A39-4590-8646-26F42EC1F70C}.Release|Any CPU.ActiveCfg = Release|Any CPU
		{C169AC21-5A39-4590-8646-26F42EC1F70C}.Release|Any CPU.Build.0 = Release|Any CPU
		{7F20A17C-6216-44FD-A8D6-604D8E9D1571}.Debug|Any CPU.ActiveCfg = Debug|Any CPU
		{7F20A17C-6216-44FD-A8D6-604D8E9D1571}.Debug|Any CPU.Build.0 = Debug|Any CPU
		{7F20A17C-6216-44FD-A8D6-604D8E9D1571}.Release|Any CPU.ActiveCfg = Release|Any CPU
		{7F20A17C-6216-44FD-A8D6-604D8E9D1571}.Release|Any CPU.Build.0 = Release|Any CPU
		{E5DCB870-1A41-48C1-BD96-69AD641383C3}.Debug|Any CPU.ActiveCfg = Debug|Any CPU
		{E5DCB870-1A41-48C1-BD96-69AD641383C3}.Debug|Any CPU.Build.0 = Debug|Any CPU
		{E5DCB870-1A41-48C1-BD96-69AD641383C3}.Release|Any CPU.ActiveCfg = Release|Any CPU
		{E5DCB870-1A41-48C1-BD96-69AD641383C3}.Release|Any CPU.Build.0 = Release|Any CPU
		{F998553A-33AA-4E56-8D27-A38F0E03B45A}.Debug|Any CPU.ActiveCfg = Debug|Any CPU
		{F998553A-33AA-4E56-8D27-A38F0E03B45A}.Debug|Any CPU.Build.0 = Debug|Any CPU
		{F998553A-33AA-4E56-8D27-A38F0E03B45A}.Release|Any CPU.ActiveCfg = Release|Any CPU
		{F998553A-33AA-4E56-8D27-A38F0E03B45A}.Release|Any CPU.Build.0 = Release|Any CPU
	EndGlobalSection
	GlobalSection(SolutionProperties) = preSolution
		HideSolutionNode = FALSE
	EndGlobalSection
EndGlobal
